{
  "object": {
    "pins": [
      {
        "package": "Ccmark",
        "repositoryURL": "https://github.com/objcio/Ccmark.git",
        "state": {
          "branch": "master",
          "revision": "2d2002db33c3f077635538031008c6893a4c0ec2",
          "version": null
        }
      }
    ]
  },
  "version": 1
}
