// !$*UTF8*$!
{
	archiveVersion = 1;
	classes = {
	};
	objectVersion = 46;
	objects = {

/* Begin PBXAggregateTarget section */
		"CommonMark::CommonMarkPackageTests::ProductTarget" /* CommonMarkPackageTests */ = {
			isa = PBXAggregateTarget;
			buildConfigurationList = OBJ_43 /* Build configuration list for PBXAggregateTarget "CommonMarkPackageTests" */;
			buildPhases = (
			);
			dependencies = (
				OBJ_46 /* PBXTargetDependency */,
			);
			name = CommonMarkPackageTests;
			productName = CommonMarkPackageTests;
		};
/* End PBXAggregateTarget section */

/* Begin PBXBuildFile section */
		OBJ_23 /* Package.swift in Sources */ = {isa = PBXBuildFile; fileRef = OBJ_6 /* Package.swift */; };
		OBJ_29 /* CommonMarkTests.swift in Sources */ = {isa = PBXBuildFile; fileRef = OBJ_13 /* CommonMarkTests.swift */; };
		OBJ_31 /* CommonMark.framework in Frameworks */ = {isa = PBXBuildFile; fileRef = "CommonMark::CommonMark::Product" /* CommonMark.framework */; };
		OBJ_38 /* ASTOperations.swift in Sources */ = {isa = PBXBuildFile; fileRef = OBJ_8 /* ASTOperations.swift */; };
		OBJ_39 /* Node.swift in Sources */ = {isa = PBXBuildFile; fileRef = OBJ_9 /* Node.swift */; };
		OBJ_40 /* SwiftAST.swift in Sources */ = {isa = PBXBuildFile; fileRef = OBJ_10 /* SwiftAST.swift */; };
/* End PBXBuildFile section */

/* Begin PBXContainerItemProxy section */
		5D2DD02D1F8D052000BBE30D /* PBXContainerItemProxy */ = {
			isa = PBXContainerItemProxy;
			containerPortal = OBJ_1 /* Project object */;
			proxyType = 1;
			remoteGlobalIDString = "CommonMark::CommonMark";
			remoteInfo = CommonMark;
		};
		5D2DD02E1F8D052100BBE30D /* PBXContainerItemProxy */ = {
			isa = PBXContainerItemProxy;
			containerPortal = OBJ_1 /* Project object */;
			proxyType = 1;
			remoteGlobalIDString = "CommonMark::CommonMarkTests";
			remoteInfo = CommonMarkTests;
		};
/* End PBXContainerItemProxy section */

/* Begin PBXFileReference section */
		"CommonMark::CommonMark::Product" /* CommonMark.framework */ = {isa = PBXFileReference; explicitFileType = wrapper.framework; path = CommonMark.framework; sourceTree = BUILT_PRODUCTS_DIR; };
		"CommonMark::CommonMarkTests::Product" /* CommonMarkTests.xctest */ = {isa = PBXFileReference; lastKnownFileType = file; path = CommonMarkTests.xctest; sourceTree = BUILT_PRODUCTS_DIR; };
		OBJ_10 /* SwiftAST.swift */ = {isa = PBXFileReference; lastKnownFileType = sourcecode.swift; path = SwiftAST.swift; sourceTree = "<group>"; };
		OBJ_13 /* CommonMarkTests.swift */ = {isa = PBXFileReference; lastKnownFileType = sourcecode.swift; path = CommonMarkTests.swift; sourceTree = "<group>"; };
		OBJ_6 /* Package.swift */ = {isa = PBXFileReference; explicitFileType = sourcecode.swift; path = Package.swift; sourceTree = "<group>"; };
		OBJ_8 /* ASTOperations.swift */ = {isa = PBXFileReference; lastKnownFileType = sourcecode.swift; path = ASTOperations.swift; sourceTree = "<group>"; };
		OBJ_9 /* Node.swift */ = {isa = PBXFileReference; lastKnownFileType = sourcecode.swift; path = Node.swift; sourceTree = "<group>"; };
/* End PBXFileReference section */

/* Begin PBXFrameworksBuildPhase section */
		OBJ_30 /* Frameworks */ = {
			isa = PBXFrameworksBuildPhase;
			buildActionMask = 0;
			files = (
				OBJ_31 /* CommonMark.framework in Frameworks */,
			);
			runOnlyForDeploymentPostprocessing = 0;
		};
		OBJ_41 /* Frameworks */ = {
			isa = PBXFrameworksBuildPhase;
			buildActionMask = 0;
			files = (
			);
			runOnlyForDeploymentPostprocessing = 0;
		};
/* End PBXFrameworksBuildPhase section */

/* Begin PBXGroup section */
		OBJ_11 /* Tests */ = {
			isa = PBXGroup;
			children = (
				OBJ_12 /* CommonMarkTests */,
			);
			name = Tests;
			sourceTree = SOURCE_ROOT;
		};
		OBJ_12 /* CommonMarkTests */ = {
			isa = PBXGroup;
			children = (
				OBJ_13 /* CommonMarkTests.swift */,
			);
			name = CommonMarkTests;
			path = Tests/CommonMarkTests;
			sourceTree = SOURCE_ROOT;
		};
		OBJ_14 /* Dependencies */ = {
			isa = PBXGroup;
			children = (
			);
			name = Dependencies;
			sourceTree = "<group>";
		};
		OBJ_15 /* Products */ = {
			isa = PBXGroup;
			children = (
				"CommonMark::CommonMarkTests::Product" /* CommonMarkTests.xctest */,
				"CommonMark::CommonMark::Product" /* CommonMark.framework */,
			);
			name = Products;
			sourceTree = BUILT_PRODUCTS_DIR;
		};
		OBJ_5 /*  */ = {
			isa = PBXGroup;
			children = (
				OBJ_6 /* Package.swift */,
				OBJ_7 /* Sources */,
				OBJ_11 /* Tests */,
				OBJ_14 /* Dependencies */,
				OBJ_15 /* Products */,
			);
			name = "";
			sourceTree = "<group>";
		};
		OBJ_7 /* Sources */ = {
			isa = PBXGroup;
			children = (
				OBJ_8 /* ASTOperations.swift */,
				OBJ_9 /* Node.swift */,
				OBJ_10 /* SwiftAST.swift */,
			);
			path = Sources;
			sourceTree = SOURCE_ROOT;
		};
/* End PBXGroup section */

/* Begin PBXNativeTarget section */
		"CommonMark::CommonMark" /* CommonMark */ = {
			isa = PBXNativeTarget;
			buildConfigurationList = OBJ_34 /* Build configuration list for PBXNativeTarget "CommonMark" */;
			buildPhases = (
				OBJ_37 /* Sources */,
				OBJ_41 /* Frameworks */,
			);
			buildRules = (
			);
			dependencies = (
			);
			name = CommonMark;
			productName = CommonMark;
			productReference = "CommonMark::CommonMark::Product" /* CommonMark.framework */;
			productType = "com.apple.product-type.framework";
		};
		"CommonMark::CommonMarkTests" /* CommonMarkTests */ = {
			isa = PBXNativeTarget;
			buildConfigurationList = OBJ_25 /* Build configuration list for PBXNativeTarget "CommonMarkTests" */;
			buildPhases = (
				OBJ_28 /* Sources */,
				OBJ_30 /* Frameworks */,
			);
			buildRules = (
			);
			dependencies = (
				OBJ_32 /* PBXTargetDependency */,
			);
			name = CommonMarkTests;
			productName = CommonMarkTests;
			productReference = "CommonMark::CommonMarkTests::Product" /* CommonMarkTests.xctest */;
			productType = "com.apple.product-type.bundle.unit-test";
		};
		"CommonMark::SwiftPMPackageDescription" /* CommonMarkPackageDescription */ = {
			isa = PBXNativeTarget;
			buildConfigurationList = OBJ_19 /* Build configuration list for PBXNativeTarget "CommonMarkPackageDescription" */;
			buildPhases = (
				OBJ_22 /* Sources */,
			);
			buildRules = (
			);
			dependencies = (
			);
			name = CommonMarkPackageDescription;
			productName = CommonMarkPackageDescription;
			productType = "com.apple.product-type.framework";
		};
/* End PBXNativeTarget section */

/* Begin PBXProject section */
		OBJ_1 /* Project object */ = {
			isa = PBXProject;
			attributes = {
				LastUpgradeCheck = 9999;
			};
			buildConfigurationList = OBJ_2 /* Build configuration list for PBXProject "CommonMark" */;
			compatibilityVersion = "Xcode 3.2";
			developmentRegion = English;
			hasScannedForEncodings = 0;
			knownRegions = (
				en,
			);
			mainGroup = OBJ_5 /*  */;
			productRefGroup = OBJ_15 /* Products */;
			projectDirPath = "";
			projectRoot = "";
			targets = (
				"CommonMark::SwiftPMPackageDescription" /* CommonMarkPackageDescription */,
				"CommonMark::CommonMarkTests" /* CommonMarkTests */,
				"CommonMark::CommonMark" /* CommonMark */,
				"CommonMark::CommonMarkPackageTests::ProductTarget" /* CommonMarkPackageTests */,
			);
		};
/* End PBXProject section */

/* Begin PBXSourcesBuildPhase section */
		OBJ_22 /* Sources */ = {
			isa = PBXSourcesBuildPhase;
			buildActionMask = 0;
			files = (
				OBJ_23 /* Package.swift in Sources */,
			);
			runOnlyForDeploymentPostprocessing = 0;
		};
		OBJ_28 /* Sources */ = {
			isa = PBXSourcesBuildPhase;
			buildActionMask = 0;
			files = (
				OBJ_29 /* CommonMarkTests.swift in Sources */,
			);
			runOnlyForDeploymentPostprocessing = 0;
		};
		OBJ_37 /* Sources */ = {
			isa = PBXSourcesBuildPhase;
			buildActionMask = 0;
			files = (
				OBJ_38 /* ASTOperations.swift in Sources */,
				OBJ_39 /* Node.swift in Sources */,
				OBJ_40 /* SwiftAST.swift in Sources */,
			);
			runOnlyForDeploymentPostprocessing = 0;
		};
/* End PBXSourcesBuildPhase section */

/* Begin PBXTargetDependency section */
		OBJ_32 /* PBXTargetDependency */ = {
			isa = PBXTargetDependency;
			target = "CommonMark::CommonMark" /* CommonMark */;
			targetProxy = 5D2DD02D1F8D052000BBE30D /* PBXContainerItemProxy */;
		};
		OBJ_46 /* PBXTargetDependency */ = {
			isa = PBXTargetDependency;
			target = "CommonMark::CommonMarkTests" /* CommonMarkTests */;
			targetProxy = 5D2DD02E1F8D052100BBE30D /* PBXContainerItemProxy */;
		};
/* End PBXTargetDependency section */

/* Begin XCBuildConfiguration section */
		OBJ_20 /* Debug */ = {
			isa = XCBuildConfiguration;
			buildSettings = {
				LD = /usr/bin/true;
				OTHER_SWIFT_FLAGS = "-swift-version 3 -I /Applications/Xcode-9.0.app/Contents/Developer/Toolchains/XcodeDefault.xctoolchain/usr/lib/swift/pm/3 -target x86_64-apple-macosx10.10 -sdk /Applications/Xcode-9.0.app/Contents/Developer/Platforms/MacOSX.platform/Developer/SDKs/MacOSX10.13.sdk";
				SWIFT_VERSION = 3.0;
			};
			name = Debug;
		};
		OBJ_21 /* Release */ = {
			isa = XCBuildConfiguration;
			buildSettings = {
				LD = /usr/bin/true;
				OTHER_SWIFT_FLAGS = "-swift-version 3 -I /Applications/Xcode-9.0.app/Contents/Developer/Toolchains/XcodeDefault.xctoolchain/usr/lib/swift/pm/3 -target x86_64-apple-macosx10.10 -sdk /Applications/Xcode-9.0.app/Contents/Developer/Platforms/MacOSX.platform/Developer/SDKs/MacOSX10.13.sdk";
				SWIFT_VERSION = 3.0;
			};
			name = Release;
		};
		OBJ_26 /* Debug */ = {
			isa = XCBuildConfiguration;
			buildSettings = {
				EMBEDDED_CONTENT_CONTAINS_SWIFT = YES;
				FRAMEWORK_SEARCH_PATHS = (
					"$(inherited)",
					"$(PLATFORM_DIR)/Developer/Library/Frameworks",
				);
				HEADER_SEARCH_PATHS = (
					"$(inherited)",
					"$(SRCROOT)/.build/checkouts/Ccmark.git-3562252361588222668",
				);
				INFOPLIST_FILE = CommonMark.xcodeproj/CommonMarkTests_Info.plist;
				LD_RUNPATH_SEARCH_PATHS = "@loader_path/../Frameworks @loader_path/Frameworks";
				OTHER_LDFLAGS = (
					"$(inherited)",
					"-L/usr/local/Cellar/cmark/0.28.0/",
					"-lcmark",
				);
				OTHER_SWIFT_FLAGS = "$(inherited) -I/usr/local/Cellar/cmark/0.28.0/include";
				SWIFT_VERSION = 3.0;
				TARGET_NAME = CommonMarkTests;
			};
			name = Debug;
		};
		OBJ_27 /* Release */ = {
			isa = XCBuildConfiguration;
			buildSettings = {
				EMBEDDED_CONTENT_CONTAINS_SWIFT = YES;
				FRAMEWORK_SEARCH_PATHS = (
					"$(inherited)",
					"$(PLATFORM_DIR)/Developer/Library/Frameworks",
				);
				HEADER_SEARCH_PATHS = (
					"$(inherited)",
					"$(SRCROOT)/.build/checkouts/Ccmark.git-3562252361588222668",
				);
				INFOPLIST_FILE = CommonMark.xcodeproj/CommonMarkTests_Info.plist;
				LD_RUNPATH_SEARCH_PATHS = "@loader_path/../Frameworks @loader_path/Frameworks";
				OTHER_LDFLAGS = (
					"$(inherited)",
					"-L/usr/local/Cellar/cmark/0.28.0/",
					"-lcmark",
				);
				OTHER_SWIFT_FLAGS = "$(inherited) -I/usr/local/Cellar/cmark/0.28.0/include";
				SWIFT_VERSION = 3.0;
				TARGET_NAME = CommonMarkTests;
			};
			name = Release;
		};
		OBJ_3 /* Debug */ = {
			isa = XCBuildConfiguration;
			buildSettings = {
				CLANG_ENABLE_OBJC_ARC = YES;
				COMBINE_HIDPI_IMAGES = YES;
				COPY_PHASE_STRIP = NO;
				DEBUG_INFORMATION_FORMAT = dwarf;
				DYLIB_INSTALL_NAME_BASE = "@rpath";
				ENABLE_NS_ASSERTIONS = YES;
				GCC_OPTIMIZATION_LEVEL = 0;
				MACOSX_DEPLOYMENT_TARGET = 10.10;
				ONLY_ACTIVE_ARCH = YES;
				OTHER_SWIFT_FLAGS = "-DXcode";
				PRODUCT_NAME = "$(TARGET_NAME)";
				SDKROOT = macosx;
				SUPPORTED_PLATFORMS = "macosx iphoneos iphonesimulator appletvos appletvsimulator watchos watchsimulator";
				SWIFT_ACTIVE_COMPILATION_CONDITIONS = SWIFT_PACKAGE;
				SWIFT_OPTIMIZATION_LEVEL = "-Onone";
				USE_HEADERMAP = NO;
			};
			name = Debug;
		};
		OBJ_35 /* Debug */ = {
			isa = XCBuildConfiguration;
			buildSettings = {
				ENABLE_TESTABILITY = YES;
				FRAMEWORK_SEARCH_PATHS = (
					"$(inherited)",
					"$(PLATFORM_DIR)/Developer/Library/Frameworks",
				);
				HEADER_SEARCH_PATHS = (
					"$(inherited)",
					"$(SRCROOT)/.build/checkouts/Ccmark.git-3562252361588222668",
				);
				INFOPLIST_FILE = CommonMark.xcodeproj/CommonMark_Info.plist;
				LD_RUNPATH_SEARCH_PATHS = "$(TOOLCHAIN_DIR)/usr/lib/swift/macosx";
				OTHER_LDFLAGS = (
					"$(inherited)",
					"-L/usr/local/Cellar/cmark/0.28.0/",
					"-lcmark",
				);
				OTHER_SWIFT_FLAGS = "$(inherited) -I/usr/local/Cellar/cmark/0.28.0/include";
				PRODUCT_BUNDLE_IDENTIFIER = CommonMark;
				PRODUCT_MODULE_NAME = "$(TARGET_NAME:c99extidentifier)";
				PRODUCT_NAME = "$(TARGET_NAME:c99extidentifier)";
				SKIP_INSTALL = YES;
				SWIFT_VERSION = 3.0;
				TARGET_NAME = CommonMark;
			};
			name = Debug;
		};
		OBJ_36 /* Release */ = {
			isa = XCBuildConfiguration;
			buildSettings = {
				ENABLE_TESTABILITY = YES;
				FRAMEWORK_SEARCH_PATHS = (
					"$(inherited)",
					"$(PLATFORM_DIR)/Developer/Library/Frameworks",
				);
				HEADER_SEARCH_PATHS = (
					"$(inherited)",
					"$(SRCROOT)/.build/checkouts/Ccmark.git-3562252361588222668",
				);
				INFOPLIST_FILE = CommonMark.xcodeproj/CommonMark_Info.plist;
				LD_RUNPATH_SEARCH_PATHS = "$(TOOLCHAIN_DIR)/usr/lib/swift/macosx";
				OTHER_LDFLAGS = (
					"$(inherited)",
					"-L/usr/local/Cellar/cmark/0.28.0/",
					"-lcmark",
				);
				OTHER_SWIFT_FLAGS = "$(inherited) -I/usr/local/Cellar/cmark/0.28.0/include";
				PRODUCT_BUNDLE_IDENTIFIER = CommonMark;
				PRODUCT_MODULE_NAME = "$(TARGET_NAME:c99extidentifier)";
				PRODUCT_NAME = "$(TARGET_NAME:c99extidentifier)";
				SKIP_INSTALL = YES;
				SWIFT_VERSION = 3.0;
				TARGET_NAME = CommonMark;
			};
			name = Release;
		};
		OBJ_4 /* Release */ = {
			isa = XCBuildConfiguration;
			buildSettings = {
				CLANG_ENABLE_OBJC_ARC = YES;
				COMBINE_HIDPI_IMAGES = YES;
				COPY_PHASE_STRIP = YES;
				DEBUG_INFORMATION_FORMAT = "dwarf-with-dsym";
				DYLIB_INSTALL_NAME_BASE = "@rpath";
				GCC_OPTIMIZATION_LEVEL = s;
				MACOSX_DEPLOYMENT_TARGET = 10.10;
				OTHER_SWIFT_FLAGS = "-DXcode";
				PRODUCT_NAME = "$(TARGET_NAME)";
				SDKROOT = macosx;
				SUPPORTED_PLATFORMS = "macosx iphoneos iphonesimulator appletvos appletvsimulator watchos watchsimulator";
				SWIFT_ACTIVE_COMPILATION_CONDITIONS = SWIFT_PACKAGE;
				SWIFT_OPTIMIZATION_LEVEL = "-Owholemodule";
				USE_HEADERMAP = NO;
			};
			name = Release;
		};
		OBJ_44 /* Debug */ = {
			isa = XCBuildConfiguration;
			buildSettings = {
			};
			name = Debug;
		};
		OBJ_45 /* Release */ = {
			isa = XCBuildConfiguration;
			buildSettings = {
			};
			name = Release;
		};
/* End XCBuildConfiguration section */

/* Begin XCConfigurationList section */
		OBJ_19 /* Build configuration list for PBXNativeTarget "CommonMarkPackageDescription" */ = {
			isa = XCConfigurationList;
			buildConfigurations = (
				OBJ_20 /* Debug */,
				OBJ_21 /* Release */,
			);
			defaultConfigurationIsVisible = 0;
			defaultConfigurationName = Debug;
		};
		OBJ_2 /* Build configuration list for PBXProject "CommonMark" */ = {
			isa = XCConfigurationList;
			buildConfigurations = (
				OBJ_3 /* Debug */,
				OBJ_4 /* Release */,
			);
			defaultConfigurationIsVisible = 0;
			defaultConfigurationName = Debug;
		};
		OBJ_25 /* Build configuration list for PBXNativeTarget "CommonMarkTests" */ = {
			isa = XCConfigurationList;
			buildConfigurations = (
				OBJ_26 /* Debug */,
				OBJ_27 /* Release */,
			);
			defaultConfigurationIsVisible = 0;
			defaultConfigurationName = Debug;
		};
		OBJ_34 /* Build configuration list for PBXNativeTarget "CommonMark" */ = {
			isa = XCConfigurationList;
			buildConfigurations = (
				OBJ_35 /* Debug */,
				OBJ_36 /* Release */,
			);
			defaultConfigurationIsVisible = 0;
			defaultConfigurationName = Debug;
		};
		OBJ_43 /* Build configuration list for PBXAggregateTarget "CommonMarkPackageTests" */ = {
			isa = XCConfigurationList;
			buildConfigurations = (
				OBJ_44 /* Debug */,
				OBJ_45 /* Release */,
			);
			defaultConfigurationIsVisible = 0;
			defaultConfigurationName = Debug;
		};
/* End XCConfigurationList section */
	};
	rootObject = OBJ_1 /* Project object */;
}
